// !$*UTF8*$!
{
	archiveVersion = 1;
	classes = {
	};
	objectVersion = 50;
	objects = {

/* Begin PBXBuildFile section */
		9F4CB0521FC0D9397D05F214 /* Pods_EqPlayer.framework in Frameworks */ = {isa = PBXBuildFile; fileRef = 2B50D90B6D81B6C290479932 /* Pods_EqPlayer.framework */; };
		EB04334E209F03D800616EB9 /* SpotifyAudioPlayback.framework in Frameworks */ = {isa = PBXBuildFile; fileRef = EB04334B209F03D700616EB9 /* SpotifyAudioPlayback.framework */; };
		EB04334F209F03D800616EB9 /* SpotifyAuthentication.framework in Frameworks */ = {isa = PBXBuildFile; fileRef = EB04334C209F03D700616EB9 /* SpotifyAuthentication.framework */; };
		EB043350209F03D800616EB9 /* SpotifyMetadata.framework in Frameworks */ = {isa = PBXBuildFile; fileRef = EB04334D209F03D800616EB9 /* SpotifyMetadata.framework */; };
		EB043356209F051600616EB9 /* AVFoundation.framework in Frameworks */ = {isa = PBXBuildFile; fileRef = EB043355209F051600616EB9 /* AVFoundation.framework */; };
		EB043358209F052A00616EB9 /* SystemConfiguration.framework in Frameworks */ = {isa = PBXBuildFile; fileRef = EB043357209F052A00616EB9 /* SystemConfiguration.framework */; };
		EB04335C209FF86C00616EB9 /* EQSpotifyManager.swift in Sources */ = {isa = PBXBuildFile; fileRef = EB04335B209FF86C00616EB9 /* EQSpotifyManager.swift */; };
		EB04335E209FF96A00616EB9 /* EQSpotifyClientInfo.swift in Sources */ = {isa = PBXBuildFile; fileRef = EB04335D209FF96A00616EB9 /* EQSpotifyClientInfo.swift */; };
		EB17379920A92A3700566F50 /* EQSPTListCollectionViewCell.swift in Sources */ = {isa = PBXBuildFile; fileRef = EB17379720A92A3700566F50 /* EQSPTListCollectionViewCell.swift */; };
		EB17379A20A92A3700566F50 /* EQSPTListCollectionViewCell.xib in Resources */ = {isa = PBXBuildFile; fileRef = EB17379820A92A3700566F50 /* EQSPTListCollectionViewCell.xib */; };
		EB17379C20A92F2B00566F50 /* EQPlaylistTableViewController.swift in Sources */ = {isa = PBXBuildFile; fileRef = EB17379B20A92F2B00566F50 /* EQPlaylistTableViewController.swift */; };
		EB17379E20A92F3900566F50 /* EQSonglistTableViewController.swift in Sources */ = {isa = PBXBuildFile; fileRef = EB17379D20A92F3900566F50 /* EQSonglistTableViewController.swift */; };
		EB1737A120A9779E00566F50 /* EQSPTTrackTableViewCell.swift in Sources */ = {isa = PBXBuildFile; fileRef = EB17379F20A9779E00566F50 /* EQSPTTrackTableViewCell.swift */; };
		EB1737A220A9779E00566F50 /* EQSPTTrackTableViewCell.xib in Resources */ = {isa = PBXBuildFile; fileRef = EB1737A020A9779E00566F50 /* EQSPTTrackTableViewCell.xib */; };
		EB1D910920A2CE8E00384869 /* EQTableViewController.swift in Sources */ = {isa = PBXBuildFile; fileRef = EB1D910820A2CE8E00384869 /* EQTableViewController.swift */; };
		EB1D910B20A2D70A00384869 /* EQSectionProvider.swift in Sources */ = {isa = PBXBuildFile; fileRef = EB1D910A20A2D70A00384869 /* EQSectionProvider.swift */; };
		EB1D910E20A2DDB500384869 /* EQUserTableViewController.swift in Sources */ = {isa = PBXBuildFile; fileRef = EB1D910D20A2DDB500384869 /* EQUserTableViewController.swift */; };
		EB4ABBD8209EF92D006D124D /* AppDelegate.swift in Sources */ = {isa = PBXBuildFile; fileRef = EB4ABBD7209EF92D006D124D /* AppDelegate.swift */; };
		EB4ABBDF209EF92F006D124D /* Assets.xcassets in Resources */ = {isa = PBXBuildFile; fileRef = EB4ABBDE209EF92F006D124D /* Assets.xcassets */; };
		EB4ABBE2209EF92F006D124D /* LaunchScreen.storyboard in Resources */ = {isa = PBXBuildFile; fileRef = EB4ABBE0209EF92F006D124D /* LaunchScreen.storyboard */; };
		EB4ABBEA209EFCB5006D124D /* GoogleService-Info.plist in Resources */ = {isa = PBXBuildFile; fileRef = EB4ABBE9209EFCB5006D124D /* GoogleService-Info.plist */; };
		EB5B0B3020A004780056E8D6 /* Login.storyboard in Resources */ = {isa = PBXBuildFile; fileRef = EB5B0B2F20A004780056E8D6 /* Login.storyboard */; };
		EB5B0B3220A004840056E8D6 /* Main.storyboard in Resources */ = {isa = PBXBuildFile; fileRef = EB5B0B3120A004840056E8D6 /* Main.storyboard */; };
		EB5B0B3520A004CE0056E8D6 /* EQStoryBoardExtention.swift in Sources */ = {isa = PBXBuildFile; fileRef = EB5B0B3420A004CE0056E8D6 /* EQStoryBoardExtention.swift */; };
		EB5B0B3720A006330056E8D6 /* EQLoginViewController.swift in Sources */ = {isa = PBXBuildFile; fileRef = EB5B0B3620A006330056E8D6 /* EQLoginViewController.swift */; };
		EB5B0B3B20A008820056E8D6 /* EQSpotifyCoreAudioController.swift in Sources */ = {isa = PBXBuildFile; fileRef = EB5B0B3A20A008820056E8D6 /* EQSpotifyCoreAudioController.swift */; };
		EB5B0B4120A05D970056E8D6 /* IconCollectionViewCell.swift in Sources */ = {isa = PBXBuildFile; fileRef = EB5B0B3F20A05D970056E8D6 /* IconCollectionViewCell.swift */; };
		EB5B0B4220A05D970056E8D6 /* IconCollectionViewCell.xib in Resources */ = {isa = PBXBuildFile; fileRef = EB5B0B4020A05D970056E8D6 /* IconCollectionViewCell.xib */; };
		EB5B0B4820A072550056E8D6 /* EQCollectionViewFlowLayout.swift in Sources */ = {isa = PBXBuildFile; fileRef = EB5B0B4720A072550056E8D6 /* EQCollectionViewFlowLayout.swift */; };
		EBB1C21A20A544D700D21788 /* EQUserTableViewGenerator.swift in Sources */ = {isa = PBXBuildFile; fileRef = EBB1C21920A544D700D21788 /* EQUserTableViewGenerator.swift */; };
		EBB1C21F20A5495E00D21788 /* EQPlaylistTableViewCell.swift in Sources */ = {isa = PBXBuildFile; fileRef = EBB1C21D20A5495E00D21788 /* EQPlaylistTableViewCell.swift */; };
		EBB1C22020A5495E00D21788 /* EQPlaylistTableViewCell.xib in Resources */ = {isa = PBXBuildFile; fileRef = EBB1C21E20A5495E00D21788 /* EQPlaylistTableViewCell.xib */; };
		EBB1C22220A5636B00D21788 /* EQScrollableViewController.swift in Sources */ = {isa = PBXBuildFile; fileRef = EBB1C22120A5636B00D21788 /* EQScrollableViewController.swift */; };
		EBB1C22420A7E14800D21788 /* EQMainScrollableViewController.swift in Sources */ = {isa = PBXBuildFile; fileRef = EBB1C22320A7E14800D21788 /* EQMainScrollableViewController.swift */; };
		EBD7955A20A2E2C10057A969 /* EQCustomToolBarView.swift in Sources */ = {isa = PBXBuildFile; fileRef = EBD7955920A2E2C10057A969 /* EQCustomToolBarView.swift */; };
		EBD7955C20A2E2E10057A969 /* EQCustomToolBarView.xib in Resources */ = {isa = PBXBuildFile; fileRef = EBD7955B20A2E2E10057A969 /* EQCustomToolBarView.xib */; };
		EBD7955E20A2E4AE0057A969 /* UIViewExtention.swift in Sources */ = {isa = PBXBuildFile; fileRef = EBD7955D20A2E4AE0057A969 /* UIViewExtention.swift */; };
		EBE65D7420A34115001A9E42 /* EQTableViewExtention.swift in Sources */ = {isa = PBXBuildFile; fileRef = EBE65D7320A34115001A9E42 /* EQTableViewExtention.swift */; };
		EBE65D7720A342F3001A9E42 /* EQUserCollectTableViewCell.swift in Sources */ = {isa = PBXBuildFile; fileRef = EBE65D7520A342F3001A9E42 /* EQUserCollectTableViewCell.swift */; };
		EBE65D7820A342F3001A9E42 /* EQUserCollectTableViewCell.xib in Resources */ = {isa = PBXBuildFile; fileRef = EBE65D7620A342F3001A9E42 /* EQUserCollectTableViewCell.xib */; };
		EBE65D7D20A343F7001A9E42 /* EQUserInfoTableViewCell.swift in Sources */ = {isa = PBXBuildFile; fileRef = EBE65D7B20A343F7001A9E42 /* EQUserInfoTableViewCell.swift */; };
		EBE65D7E20A343F7001A9E42 /* EQUserInfoTableViewCell.xib in Resources */ = {isa = PBXBuildFile; fileRef = EBE65D7C20A343F7001A9E42 /* EQUserInfoTableViewCell.xib */; };
		EBE65D8020A3EFE3001A9E42 /* EQCircleImage.swift in Sources */ = {isa = PBXBuildFile; fileRef = EBE65D7F20A3EFE3001A9E42 /* EQCircleImage.swift */; };
		EBE65D8420A47A26001A9E42 /* EQProject.storyboard in Resources */ = {isa = PBXBuildFile; fileRef = EBE65D8320A47A26001A9E42 /* EQProject.storyboard */; };
		EBE65D8720A483B2001A9E42 /* EQSPTPlaylistViewController.swift in Sources */ = {isa = PBXBuildFile; fileRef = EBE65D8620A483B2001A9E42 /* EQSPTPlaylistViewController.swift */; };
		EBE65D8920A48A47001A9E42 /* EQCustomSearchBar.swift in Sources */ = {isa = PBXBuildFile; fileRef = EBE65D8820A48A47001A9E42 /* EQCustomSearchBar.swift */; };
/* End PBXBuildFile section */

/* Begin PBXFileReference section */
		2B50D90B6D81B6C290479932 /* Pods_EqPlayer.framework */ = {isa = PBXFileReference; explicitFileType = wrapper.framework; includeInIndex = 0; path = Pods_EqPlayer.framework; sourceTree = BUILT_PRODUCTS_DIR; };
		9D884D42C27229B5D4939D7E /* Pods-EqPlayer.release.xcconfig */ = {isa = PBXFileReference; includeInIndex = 1; lastKnownFileType = text.xcconfig; name = "Pods-EqPlayer.release.xcconfig"; path = "Pods/Target Support Files/Pods-EqPlayer/Pods-EqPlayer.release.xcconfig"; sourceTree = "<group>"; };
		EB04334B209F03D700616EB9 /* SpotifyAudioPlayback.framework */ = {isa = PBXFileReference; lastKnownFileType = wrapper.framework; path = SpotifyAudioPlayback.framework; sourceTree = "<group>"; };
		EB04334C209F03D700616EB9 /* SpotifyAuthentication.framework */ = {isa = PBXFileReference; lastKnownFileType = wrapper.framework; path = SpotifyAuthentication.framework; sourceTree = "<group>"; };
		EB04334D209F03D800616EB9 /* SpotifyMetadata.framework */ = {isa = PBXFileReference; lastKnownFileType = wrapper.framework; path = SpotifyMetadata.framework; sourceTree = "<group>"; };
		EB043351209F043600616EB9 /* EqPlayer-Bridging-Header.h */ = {isa = PBXFileReference; lastKnownFileType = sourcecode.c.h; path = "EqPlayer-Bridging-Header.h"; sourceTree = "<group>"; };
		EB043355209F051600616EB9 /* AVFoundation.framework */ = {isa = PBXFileReference; lastKnownFileType = wrapper.framework; name = AVFoundation.framework; path = System/Library/Frameworks/AVFoundation.framework; sourceTree = SDKROOT; };
		EB043357209F052A00616EB9 /* SystemConfiguration.framework */ = {isa = PBXFileReference; lastKnownFileType = wrapper.framework; name = SystemConfiguration.framework; path = System/Library/Frameworks/SystemConfiguration.framework; sourceTree = SDKROOT; };
		EB04335B209FF86C00616EB9 /* EQSpotifyManager.swift */ = {isa = PBXFileReference; lastKnownFileType = sourcecode.swift; path = EQSpotifyManager.swift; sourceTree = "<group>"; };
		EB04335D209FF96A00616EB9 /* EQSpotifyClientInfo.swift */ = {isa = PBXFileReference; lastKnownFileType = sourcecode.swift; path = EQSpotifyClientInfo.swift; sourceTree = "<group>"; };
		EB17379720A92A3700566F50 /* EQSPTListCollectionViewCell.swift */ = {isa = PBXFileReference; lastKnownFileType = sourcecode.swift; path = EQSPTListCollectionViewCell.swift; sourceTree = "<group>"; };
		EB17379820A92A3700566F50 /* EQSPTListCollectionViewCell.xib */ = {isa = PBXFileReference; lastKnownFileType = file.xib; path = EQSPTListCollectionViewCell.xib; sourceTree = "<group>"; };
		EB17379B20A92F2B00566F50 /* EQPlaylistTableViewController.swift */ = {isa = PBXFileReference; lastKnownFileType = sourcecode.swift; path = EQPlaylistTableViewController.swift; sourceTree = "<group>"; };
		EB17379D20A92F3900566F50 /* EQSonglistTableViewController.swift */ = {isa = PBXFileReference; lastKnownFileType = sourcecode.swift; path = EQSonglistTableViewController.swift; sourceTree = "<group>"; };
		EB17379F20A9779E00566F50 /* EQSPTTrackTableViewCell.swift */ = {isa = PBXFileReference; lastKnownFileType = sourcecode.swift; path = EQSPTTrackTableViewCell.swift; sourceTree = "<group>"; };
		EB1737A020A9779E00566F50 /* EQSPTTrackTableViewCell.xib */ = {isa = PBXFileReference; lastKnownFileType = file.xib; path = EQSPTTrackTableViewCell.xib; sourceTree = "<group>"; };
		EB1D910820A2CE8E00384869 /* EQTableViewController.swift */ = {isa = PBXFileReference; lastKnownFileType = sourcecode.swift; path = EQTableViewController.swift; sourceTree = "<group>"; };
		EB1D910A20A2D70A00384869 /* EQSectionProvider.swift */ = {isa = PBXFileReference; lastKnownFileType = sourcecode.swift; path = EQSectionProvider.swift; sourceTree = "<group>"; };
		EB1D910D20A2DDB500384869 /* EQUserTableViewController.swift */ = {isa = PBXFileReference; lastKnownFileType = sourcecode.swift; path = EQUserTableViewController.swift; sourceTree = "<group>"; };
		EB4ABBD4209EF92D006D124D /* EqPlayer.app */ = {isa = PBXFileReference; explicitFileType = wrapper.application; includeInIndex = 0; path = EqPlayer.app; sourceTree = BUILT_PRODUCTS_DIR; };
		EB4ABBD7209EF92D006D124D /* AppDelegate.swift */ = {isa = PBXFileReference; lastKnownFileType = sourcecode.swift; path = AppDelegate.swift; sourceTree = "<group>"; };
		EB4ABBDE209EF92F006D124D /* Assets.xcassets */ = {isa = PBXFileReference; lastKnownFileType = folder.assetcatalog; path = Assets.xcassets; sourceTree = "<group>"; };
		EB4ABBE1209EF92F006D124D /* Base */ = {isa = PBXFileReference; lastKnownFileType = file.storyboard; name = Base; path = Base.lproj/LaunchScreen.storyboard; sourceTree = "<group>"; };
		EB4ABBE3209EF92F006D124D /* Info.plist */ = {isa = PBXFileReference; lastKnownFileType = text.plist.xml; path = Info.plist; sourceTree = "<group>"; };
		EB4ABBE9209EFCB5006D124D /* GoogleService-Info.plist */ = {isa = PBXFileReference; fileEncoding = 4; lastKnownFileType = text.plist.xml; path = "GoogleService-Info.plist"; sourceTree = "<group>"; };
		EB5B0B2F20A004780056E8D6 /* Login.storyboard */ = {isa = PBXFileReference; lastKnownFileType = file.storyboard; path = Login.storyboard; sourceTree = "<group>"; };
		EB5B0B3120A004840056E8D6 /* Main.storyboard */ = {isa = PBXFileReference; lastKnownFileType = file.storyboard; path = Main.storyboard; sourceTree = "<group>"; };
		EB5B0B3420A004CE0056E8D6 /* EQStoryBoardExtention.swift */ = {isa = PBXFileReference; lastKnownFileType = sourcecode.swift; path = EQStoryBoardExtention.swift; sourceTree = "<group>"; };
		EB5B0B3620A006330056E8D6 /* EQLoginViewController.swift */ = {isa = PBXFileReference; lastKnownFileType = sourcecode.swift; path = EQLoginViewController.swift; sourceTree = "<group>"; };
		EB5B0B3A20A008820056E8D6 /* EQSpotifyCoreAudioController.swift */ = {isa = PBXFileReference; lastKnownFileType = sourcecode.swift; path = EQSpotifyCoreAudioController.swift; sourceTree = "<group>"; };
		EB5B0B3F20A05D970056E8D6 /* IconCollectionViewCell.swift */ = {isa = PBXFileReference; lastKnownFileType = sourcecode.swift; path = IconCollectionViewCell.swift; sourceTree = "<group>"; };
		EB5B0B4020A05D970056E8D6 /* IconCollectionViewCell.xib */ = {isa = PBXFileReference; lastKnownFileType = file.xib; path = IconCollectionViewCell.xib; sourceTree = "<group>"; };
		EB5B0B4720A072550056E8D6 /* EQCollectionViewFlowLayout.swift */ = {isa = PBXFileReference; lastKnownFileType = sourcecode.swift; path = EQCollectionViewFlowLayout.swift; sourceTree = "<group>"; };
		EBB1C21920A544D700D21788 /* EQUserTableViewGenerator.swift */ = {isa = PBXFileReference; lastKnownFileType = sourcecode.swift; path = EQUserTableViewGenerator.swift; sourceTree = "<group>"; };
		EBB1C21D20A5495E00D21788 /* EQPlaylistTableViewCell.swift */ = {isa = PBXFileReference; lastKnownFileType = sourcecode.swift; path = EQPlaylistTableViewCell.swift; sourceTree = "<group>"; };
		EBB1C21E20A5495E00D21788 /* EQPlaylistTableViewCell.xib */ = {isa = PBXFileReference; lastKnownFileType = file.xib; path = EQPlaylistTableViewCell.xib; sourceTree = "<group>"; };
		EBB1C22120A5636B00D21788 /* EQScrollableViewController.swift */ = {isa = PBXFileReference; lastKnownFileType = sourcecode.swift; path = EQScrollableViewController.swift; sourceTree = "<group>"; };
		EBB1C22320A7E14800D21788 /* EQMainScrollableViewController.swift */ = {isa = PBXFileReference; lastKnownFileType = sourcecode.swift; path = EQMainScrollableViewController.swift; sourceTree = "<group>"; };
		EBD7955920A2E2C10057A969 /* EQCustomToolBarView.swift */ = {isa = PBXFileReference; lastKnownFileType = sourcecode.swift; path = EQCustomToolBarView.swift; sourceTree = "<group>"; };
		EBD7955B20A2E2E10057A969 /* EQCustomToolBarView.xib */ = {isa = PBXFileReference; lastKnownFileType = file.xib; path = EQCustomToolBarView.xib; sourceTree = "<group>"; };
		EBD7955D20A2E4AE0057A969 /* UIViewExtention.swift */ = {isa = PBXFileReference; lastKnownFileType = sourcecode.swift; path = UIViewExtention.swift; sourceTree = "<group>"; };
		EBE65D7320A34115001A9E42 /* EQTableViewExtention.swift */ = {isa = PBXFileReference; lastKnownFileType = sourcecode.swift; path = EQTableViewExtention.swift; sourceTree = "<group>"; };
		EBE65D7520A342F3001A9E42 /* EQUserCollectTableViewCell.swift */ = {isa = PBXFileReference; lastKnownFileType = sourcecode.swift; path = EQUserCollectTableViewCell.swift; sourceTree = "<group>"; };
		EBE65D7620A342F3001A9E42 /* EQUserCollectTableViewCell.xib */ = {isa = PBXFileReference; lastKnownFileType = file.xib; path = EQUserCollectTableViewCell.xib; sourceTree = "<group>"; };
		EBE65D7B20A343F7001A9E42 /* EQUserInfoTableViewCell.swift */ = {isa = PBXFileReference; lastKnownFileType = sourcecode.swift; path = EQUserInfoTableViewCell.swift; sourceTree = "<group>"; };
		EBE65D7C20A343F7001A9E42 /* EQUserInfoTableViewCell.xib */ = {isa = PBXFileReference; lastKnownFileType = file.xib; path = EQUserInfoTableViewCell.xib; sourceTree = "<group>"; };
		EBE65D7F20A3EFE3001A9E42 /* EQCircleImage.swift */ = {isa = PBXFileReference; lastKnownFileType = sourcecode.swift; path = EQCircleImage.swift; sourceTree = "<group>"; };
		EBE65D8320A47A26001A9E42 /* EQProject.storyboard */ = {isa = PBXFileReference; lastKnownFileType = file.storyboard; path = EQProject.storyboard; sourceTree = "<group>"; };
		EBE65D8620A483B2001A9E42 /* EQSPTPlaylistViewController.swift */ = {isa = PBXFileReference; lastKnownFileType = sourcecode.swift; path = EQSPTPlaylistViewController.swift; sourceTree = "<group>"; };
		EBE65D8820A48A47001A9E42 /* EQCustomSearchBar.swift */ = {isa = PBXFileReference; lastKnownFileType = sourcecode.swift; path = EQCustomSearchBar.swift; sourceTree = "<group>"; };
		EF286DDD03CF9E1A5D8DEC5A /* Pods-EqPlayer.debug.xcconfig */ = {isa = PBXFileReference; includeInIndex = 1; lastKnownFileType = text.xcconfig; name = "Pods-EqPlayer.debug.xcconfig"; path = "Pods/Target Support Files/Pods-EqPlayer/Pods-EqPlayer.debug.xcconfig"; sourceTree = "<group>"; };
/* End PBXFileReference section */

/* Begin PBXFrameworksBuildPhase section */
		EB4ABBD1209EF92D006D124D /* Frameworks */ = {
			isa = PBXFrameworksBuildPhase;
			buildActionMask = 2147483647;
			files = (
				EB043358209F052A00616EB9 /* SystemConfiguration.framework in Frameworks */,
				EB043356209F051600616EB9 /* AVFoundation.framework in Frameworks */,
				EB043350209F03D800616EB9 /* SpotifyMetadata.framework in Frameworks */,
				9F4CB0521FC0D9397D05F214 /* Pods_EqPlayer.framework in Frameworks */,
				EB04334F209F03D800616EB9 /* SpotifyAuthentication.framework in Frameworks */,
				EB04334E209F03D800616EB9 /* SpotifyAudioPlayback.framework in Frameworks */,
			);
			runOnlyForDeploymentPostprocessing = 0;
		};
/* End PBXFrameworksBuildPhase section */

/* Begin PBXGroup section */
		1224413986664437A4EB16AA /* Frameworks */ = {
			isa = PBXGroup;
			children = (
				EB043357209F052A00616EB9 /* SystemConfiguration.framework */,
				EB043355209F051600616EB9 /* AVFoundation.framework */,
				2B50D90B6D81B6C290479932 /* Pods_EqPlayer.framework */,
			);
			name = Frameworks;
			sourceTree = "<group>";
		};
		2F55842F6198D93E1079B769 /* Pods */ = {
			isa = PBXGroup;
			children = (
				EF286DDD03CF9E1A5D8DEC5A /* Pods-EqPlayer.debug.xcconfig */,
				9D884D42C27229B5D4939D7E /* Pods-EqPlayer.release.xcconfig */,
			);
			name = Pods;
			sourceTree = "<group>";
		};
		EB17379520A823F300566F50 /* Base */ = {
			isa = PBXGroup;
			children = (
				EB17379620A8241A00566F50 /* BaseScrollableViewController */,
				EB1D910C20A2DA2000384869 /* BaseTableView */,
			);
			path = Base;
			sourceTree = "<group>";
		};
		EB17379620A8241A00566F50 /* BaseScrollableViewController */ = {
			isa = PBXGroup;
			children = (
				EBB1C22120A5636B00D21788 /* EQScrollableViewController.swift */,
			);
			path = BaseScrollableViewController;
			sourceTree = "<group>";
		};
		EB1D910C20A2DA2000384869 /* BaseTableView */ = {
			isa = PBXGroup;
			children = (
				EB1D910820A2CE8E00384869 /* EQTableViewController.swift */,
				EB1D910A20A2D70A00384869 /* EQSectionProvider.swift */,
			);
			path = BaseTableView;
			sourceTree = "<group>";
		};
		EB4ABBCB209EF92D006D124D = {
			isa = PBXGroup;
			children = (
				EB4ABBD6209EF92D006D124D /* EqPlayer */,
				EB4ABBD5209EF92D006D124D /* Products */,
				2F55842F6198D93E1079B769 /* Pods */,
				1224413986664437A4EB16AA /* Frameworks */,
			);
			sourceTree = "<group>";
		};
		EB4ABBD5209EF92D006D124D /* Products */ = {
			isa = PBXGroup;
			children = (
				EB4ABBD4209EF92D006D124D /* EqPlayer.app */,
			);
			name = Products;
			sourceTree = "<group>";
		};
		EB4ABBD6209EF92D006D124D /* EqPlayer */ = {
			isa = PBXGroup;
			children = (
				EB4ABBEB209F01BD006D124D /* Model */,
				EB4ABBED209F01CF006D124D /* View */,
				EB4ABBEC209F01C5006D124D /* Controller */,
				EB5B0B3320A004AF0056E8D6 /* Extention */,
				EB5B0B2E20A003E70056E8D6 /* StoryBoards */,
				EB4ABBEE209F01D7006D124D /* Support */,
				EB4ABBD7209EF92D006D124D /* AppDelegate.swift */,
				EB4ABBDE209EF92F006D124D /* Assets.xcassets */,
				EB4ABBE0209EF92F006D124D /* LaunchScreen.storyboard */,
				EB4ABBE3209EF92F006D124D /* Info.plist */,
			);
			path = EqPlayer;
			sourceTree = "<group>";
		};
		EB4ABBEB209F01BD006D124D /* Model */ = {
			isa = PBXGroup;
			children = (
				EB04335B209FF86C00616EB9 /* EQSpotifyManager.swift */,
			);
			path = Model;
			sourceTree = "<group>";
		};
		EB4ABBEC209F01C5006D124D /* Controller */ = {
			isa = PBXGroup;
			children = (
				EB17379520A823F300566F50 /* Base */,
				EBE65D8520A48373001A9E42 /* EQEdit */,
				EBFCEAF820A2E11B00138D80 /* User */,
				EB5B0B3620A006330056E8D6 /* EQLoginViewController.swift */,
				EBB1C22320A7E14800D21788 /* EQMainScrollableViewController.swift */,
				EB5B0B3A20A008820056E8D6 /* EQSpotifyCoreAudioController.swift */,
			);
			path = Controller;
			sourceTree = "<group>";
		};
		EB4ABBED209F01CF006D124D /* View */ = {
			isa = PBXGroup;
			children = (
				EBE65D7520A342F3001A9E42 /* EQUserCollectTableViewCell.swift */,
				EBE65D7620A342F3001A9E42 /* EQUserCollectTableViewCell.xib */,
				EB5B0B3F20A05D970056E8D6 /* IconCollectionViewCell.swift */,
				EB5B0B4020A05D970056E8D6 /* IconCollectionViewCell.xib */,
				EBD7955920A2E2C10057A969 /* EQCustomToolBarView.swift */,
				EBD7955B20A2E2E10057A969 /* EQCustomToolBarView.xib */,
				EBE65D7B20A343F7001A9E42 /* EQUserInfoTableViewCell.swift */,
				EBE65D7C20A343F7001A9E42 /* EQUserInfoTableViewCell.xib */,
				EBB1C21D20A5495E00D21788 /* EQPlaylistTableViewCell.swift */,
				EBB1C21E20A5495E00D21788 /* EQPlaylistTableViewCell.xib */,
				EB17379720A92A3700566F50 /* EQSPTListCollectionViewCell.swift */,
				EB17379820A92A3700566F50 /* EQSPTListCollectionViewCell.xib */,
				EB17379F20A9779E00566F50 /* EQSPTTrackTableViewCell.swift */,
				EB1737A020A9779E00566F50 /* EQSPTTrackTableViewCell.xib */,
			);
			path = View;
			sourceTree = "<group>";
		};
		EB4ABBEE209F01D7006D124D /* Support */ = {
			isa = PBXGroup;
			children = (
				EB04334B209F03D700616EB9 /* SpotifyAudioPlayback.framework */,
				EB04334C209F03D700616EB9 /* SpotifyAuthentication.framework */,
				EB04334D209F03D800616EB9 /* SpotifyMetadata.framework */,
				EB4ABBE9209EFCB5006D124D /* GoogleService-Info.plist */,
				EB043351209F043600616EB9 /* EqPlayer-Bridging-Header.h */,
				EB04335D209FF96A00616EB9 /* EQSpotifyClientInfo.swift */,
				EB5B0B4720A072550056E8D6 /* EQCollectionViewFlowLayout.swift */,
				EBE65D8820A48A47001A9E42 /* EQCustomSearchBar.swift */,
				EBE65D7F20A3EFE3001A9E42 /* EQCircleImage.swift */,
			);
			path = Support;
			sourceTree = "<group>";
		};
		EB5B0B2E20A003E70056E8D6 /* StoryBoards */ = {
			isa = PBXGroup;
			children = (
				EB5B0B2F20A004780056E8D6 /* Login.storyboard */,
				EB5B0B3120A004840056E8D6 /* Main.storyboard */,
				EBE65D8320A47A26001A9E42 /* EQProject.storyboard */,
			);
			path = StoryBoards;
			sourceTree = "<group>";
		};
		EB5B0B3320A004AF0056E8D6 /* Extention */ = {
			isa = PBXGroup;
			children = (
				EBB1C21820A544A000D21788 /* TableViewGenerators */,
				EB5B0B3420A004CE0056E8D6 /* EQStoryBoardExtention.swift */,
				EBE65D7320A34115001A9E42 /* EQTableViewExtention.swift */,
				EBD7955D20A2E4AE0057A969 /* UIViewExtention.swift */,
			);
			path = Extention;
			sourceTree = "<group>";
		};
		EBB1C21820A544A000D21788 /* TableViewGenerators */ = {
			isa = PBXGroup;
			children = (
				EBB1C21920A544D700D21788 /* EQUserTableViewGenerator.swift */,
			);
			path = TableViewGenerators;
			sourceTree = "<group>";
		};
		EBE65D8520A48373001A9E42 /* EQEdit */ = {
			isa = PBXGroup;
			children = (
				EBE65D8620A483B2001A9E42 /* EQSPTPlaylistViewController.swift */,
				EB17379B20A92F2B00566F50 /* EQPlaylistTableViewController.swift */,
				EB17379D20A92F3900566F50 /* EQSonglistTableViewController.swift */,
			);
			path = EQEdit;
			sourceTree = "<group>";
		};
		EBFCEAF820A2E11B00138D80 /* User */ = {
			isa = PBXGroup;
			children = (
				EB1D910D20A2DDB500384869 /* EQUserTableViewController.swift */,
			);
			path = User;
			sourceTree = "<group>";
		};
/* End PBXGroup section */

/* Begin PBXNativeTarget section */
		EB4ABBD3209EF92D006D124D /* EqPlayer */ = {
			isa = PBXNativeTarget;
			buildConfigurationList = EB4ABBE6209EF92F006D124D /* Build configuration list for PBXNativeTarget "EqPlayer" */;
			buildPhases = (
				2319F33B21B9DDB92EA14D76 /* [CP] Check Pods Manifest.lock */,
				EB4ABBD0209EF92D006D124D /* Sources */,
				EB4ABBD1209EF92D006D124D /* Frameworks */,
				EB4ABBD2209EF92D006D124D /* Resources */,
				8C39AA07ACC597F0BCA594EC /* [CP] Embed Pods Frameworks */,
				EB5B0B3E20A03F480056E8D6 /* ShellScript */,
			);
			buildRules = (
			);
			dependencies = (
			);
			name = EqPlayer;
			productName = EqPlayer;
			productReference = EB4ABBD4209EF92D006D124D /* EqPlayer.app */;
			productType = "com.apple.product-type.application";
		};
/* End PBXNativeTarget section */

/* Begin PBXProject section */
		EB4ABBCC209EF92D006D124D /* Project object */ = {
			isa = PBXProject;
			attributes = {
				LastSwiftUpdateCheck = 0930;
				LastUpgradeCheck = 0930;
				ORGANIZATIONNAME = Django;
				TargetAttributes = {
					EB4ABBD3209EF92D006D124D = {
						CreatedOnToolsVersion = 9.3;
						LastSwiftMigration = 0930;
					};
				};
			};
			buildConfigurationList = EB4ABBCF209EF92D006D124D /* Build configuration list for PBXProject "EqPlayer" */;
			compatibilityVersion = "Xcode 9.3";
			developmentRegion = en;
			hasScannedForEncodings = 0;
			knownRegions = (
				en,
				Base,
			);
			mainGroup = EB4ABBCB209EF92D006D124D;
			productRefGroup = EB4ABBD5209EF92D006D124D /* Products */;
			projectDirPath = "";
			projectRoot = "";
			targets = (
				EB4ABBD3209EF92D006D124D /* EqPlayer */,
			);
		};
/* End PBXProject section */

/* Begin PBXResourcesBuildPhase section */
		EB4ABBD2209EF92D006D124D /* Resources */ = {
			isa = PBXResourcesBuildPhase;
			buildActionMask = 2147483647;
			files = (
				EB17379A20A92A3700566F50 /* EQSPTListCollectionViewCell.xib in Resources */,
				EB4ABBE2209EF92F006D124D /* LaunchScreen.storyboard in Resources */,
				EB4ABBEA209EFCB5006D124D /* GoogleService-Info.plist in Resources */,
				EB4ABBDF209EF92F006D124D /* Assets.xcassets in Resources */,
				EBE65D7820A342F3001A9E42 /* EQUserCollectTableViewCell.xib in Resources */,
				EB5B0B3220A004840056E8D6 /* Main.storyboard in Resources */,
				EBB1C22020A5495E00D21788 /* EQPlaylistTableViewCell.xib in Resources */,
				EBE65D8420A47A26001A9E42 /* EQProject.storyboard in Resources */,
				EB1737A220A9779E00566F50 /* EQSPTTrackTableViewCell.xib in Resources */,
				EB5B0B4220A05D970056E8D6 /* IconCollectionViewCell.xib in Resources */,
				EBD7955C20A2E2E10057A969 /* EQCustomToolBarView.xib in Resources */,
				EBE65D7E20A343F7001A9E42 /* EQUserInfoTableViewCell.xib in Resources */,
				EB5B0B3020A004780056E8D6 /* Login.storyboard in Resources */,
			);
			runOnlyForDeploymentPostprocessing = 0;
		};
/* End PBXResourcesBuildPhase section */

/* Begin PBXShellScriptBuildPhase section */
		2319F33B21B9DDB92EA14D76 /* [CP] Check Pods Manifest.lock */ = {
			isa = PBXShellScriptBuildPhase;
			buildActionMask = 2147483647;
			files = (
			);
			inputPaths = (
				"${PODS_PODFILE_DIR_PATH}/Podfile.lock",
				"${PODS_ROOT}/Manifest.lock",
			);
			name = "[CP] Check Pods Manifest.lock";
			outputPaths = (
				"$(DERIVED_FILE_DIR)/Pods-EqPlayer-checkManifestLockResult.txt",
			);
			runOnlyForDeploymentPostprocessing = 0;
			shellPath = /bin/sh;
			shellScript = "diff \"${PODS_PODFILE_DIR_PATH}/Podfile.lock\" \"${PODS_ROOT}/Manifest.lock\" > /dev/null\nif [ $? != 0 ] ; then\n    # print error to STDERR\n    echo \"error: The sandbox is not in sync with the Podfile.lock. Run 'pod install' or update your CocoaPods installation.\" >&2\n    exit 1\nfi\n# This output is used by Xcode 'outputs' to avoid re-running this script phase.\necho \"SUCCESS\" > \"${SCRIPT_OUTPUT_FILE_0}\"\n";
			showEnvVarsInLog = 0;
		};
		8C39AA07ACC597F0BCA594EC /* [CP] Embed Pods Frameworks */ = {
			isa = PBXShellScriptBuildPhase;
			buildActionMask = 2147483647;
			files = (
			);
			inputPaths = (
				"${SRCROOT}/Pods/Target Support Files/Pods-EqPlayer/Pods-EqPlayer-frameworks.sh",
				"${BUILT_PRODUCTS_DIR}/Charts/Charts.framework",
				"${BUILT_PRODUCTS_DIR}/GTMSessionFetcher/GTMSessionFetcher.framework",
				"${BUILT_PRODUCTS_DIR}/GoogleToolboxForMac/GoogleToolboxForMac.framework",
				"${BUILT_PRODUCTS_DIR}/SDWebImage/SDWebImage.framework",
				"${BUILT_PRODUCTS_DIR}/SwipeCellKit/SwipeCellKit.framework",
				"${BUILT_PRODUCTS_DIR}/leveldb-library/leveldb.framework",
				"${BUILT_PRODUCTS_DIR}/nanopb/nanopb.framework",
			);
			name = "[CP] Embed Pods Frameworks";
			outputPaths = (
				"${TARGET_BUILD_DIR}/${FRAMEWORKS_FOLDER_PATH}/Charts.framework",
				"${TARGET_BUILD_DIR}/${FRAMEWORKS_FOLDER_PATH}/GTMSessionFetcher.framework",
				"${TARGET_BUILD_DIR}/${FRAMEWORKS_FOLDER_PATH}/GoogleToolboxForMac.framework",
				"${TARGET_BUILD_DIR}/${FRAMEWORKS_FOLDER_PATH}/SDWebImage.framework",
				"${TARGET_BUILD_DIR}/${FRAMEWORKS_FOLDER_PATH}/SwipeCellKit.framework",
				"${TARGET_BUILD_DIR}/${FRAMEWORKS_FOLDER_PATH}/leveldb.framework",
				"${TARGET_BUILD_DIR}/${FRAMEWORKS_FOLDER_PATH}/nanopb.framework",
			);
			runOnlyForDeploymentPostprocessing = 0;
			shellPath = /bin/sh;
			shellScript = "\"${SRCROOT}/Pods/Target Support Files/Pods-EqPlayer/Pods-EqPlayer-frameworks.sh\"\n";
			showEnvVarsInLog = 0;
		};
		EB5B0B3E20A03F480056E8D6 /* ShellScript */ = {
			isa = PBXShellScriptBuildPhase;
			buildActionMask = 12;
			files = (
			);
			inputPaths = (
			);
			outputPaths = (
			);
			runOnlyForDeploymentPostprocessing = 0;
			shellPath = /bin/sh;
			shellScript = "\"${PODS_ROOT}/SwiftLint/swiftlint\"";
		};
/* End PBXShellScriptBuildPhase section */

/* Begin PBXSourcesBuildPhase section */
		EB4ABBD0209EF92D006D124D /* Sources */ = {
			isa = PBXSourcesBuildPhase;
			buildActionMask = 2147483647;
			files = (
				EB5B0B4820A072550056E8D6 /* EQCollectionViewFlowLayout.swift in Sources */,
				EB5B0B3B20A008820056E8D6 /* EQSpotifyCoreAudioController.swift in Sources */,
				EBE65D8920A48A47001A9E42 /* EQCustomSearchBar.swift in Sources */,
				EBB1C21F20A5495E00D21788 /* EQPlaylistTableViewCell.swift in Sources */,
				EBE65D7720A342F3001A9E42 /* EQUserCollectTableViewCell.swift in Sources */,
				EB04335C209FF86C00616EB9 /* EQSpotifyManager.swift in Sources */,
				EBD7955E20A2E4AE0057A969 /* UIViewExtention.swift in Sources */,
				EB1737A120A9779E00566F50 /* EQSPTTrackTableViewCell.swift in Sources */,
				EBB1C21A20A544D700D21788 /* EQUserTableViewGenerator.swift in Sources */,
				EB5B0B3520A004CE0056E8D6 /* EQStoryBoardExtention.swift in Sources */,
				EBE65D7D20A343F7001A9E42 /* EQUserInfoTableViewCell.swift in Sources */,
				EB1D910B20A2D70A00384869 /* EQSectionProvider.swift in Sources */,
				EB4ABBD8209EF92D006D124D /* AppDelegate.swift in Sources */,
				EB17379920A92A3700566F50 /* EQSPTListCollectionViewCell.swift in Sources */,
				EBB1C22420A7E14800D21788 /* EQMainScrollableViewController.swift in Sources */,
				EB17379C20A92F2B00566F50 /* EQPlaylistTableViewController.swift in Sources */,
				EBD7955A20A2E2C10057A969 /* EQCustomToolBarView.swift in Sources */,
				EBE65D7420A34115001A9E42 /* EQTableViewExtention.swift in Sources */,
				EB1D910E20A2DDB500384869 /* EQUserTableViewController.swift in Sources */,
				EB17379E20A92F3900566F50 /* EQSonglistTableViewController.swift in Sources */,
				EBB1C22220A5636B00D21788 /* EQScrollableViewController.swift in Sources */,
				EBE65D8720A483B2001A9E42 /* EQSPTPlaylistViewController.swift in Sources */,
				EBE65D8020A3EFE3001A9E42 /* EQCircleImage.swift in Sources */,
				EB1D910920A2CE8E00384869 /* EQTableViewController.swift in Sources */,
				EB5B0B3720A006330056E8D6 /* EQLoginViewController.swift in Sources */,
				EB04335E209FF96A00616EB9 /* EQSpotifyClientInfo.swift in Sources */,
				EB5B0B4120A05D970056E8D6 /* IconCollectionViewCell.swift in Sources */,
			);
			runOnlyForDeploymentPostprocessing = 0;
		};
/* End PBXSourcesBuildPhase section */

/* Begin PBXVariantGroup section */
		EB4ABBE0209EF92F006D124D /* LaunchScreen.storyboard */ = {
			isa = PBXVariantGroup;
			children = (
				EB4ABBE1209EF92F006D124D /* Base */,
			);
			name = LaunchScreen.storyboard;
			sourceTree = "<group>";
		};
/* End PBXVariantGroup section */

/* Begin XCBuildConfiguration section */
		EB4ABBE4209EF92F006D124D /* Debug */ = {
			isa = XCBuildConfiguration;
			buildSettings = {
				ALWAYS_SEARCH_USER_PATHS = NO;
				CLANG_ANALYZER_NONNULL = YES;
				CLANG_ANALYZER_NUMBER_OBJECT_CONVERSION = YES_AGGRESSIVE;
				CLANG_CXX_LANGUAGE_STANDARD = "gnu++14";
				CLANG_CXX_LIBRARY = "libc++";
				CLANG_ENABLE_MODULES = YES;
				CLANG_ENABLE_OBJC_ARC = YES;
				CLANG_ENABLE_OBJC_WEAK = YES;
				CLANG_WARN_BLOCK_CAPTURE_AUTORELEASING = YES;
				CLANG_WARN_BOOL_CONVERSION = YES;
				CLANG_WARN_COMMA = YES;
				CLANG_WARN_CONSTANT_CONVERSION = YES;
				CLANG_WARN_DEPRECATED_OBJC_IMPLEMENTATIONS = YES;
				CLANG_WARN_DIRECT_OBJC_ISA_USAGE = YES_ERROR;
				CLANG_WARN_DOCUMENTATION_COMMENTS = YES;
				CLANG_WARN_EMPTY_BODY = YES;
				CLANG_WARN_ENUM_CONVERSION = YES;
				CLANG_WARN_INFINITE_RECURSION = YES;
				CLANG_WARN_INT_CONVERSION = YES;
				CLANG_WARN_NON_LITERAL_NULL_CONVERSION = YES;
				CLANG_WARN_OBJC_IMPLICIT_RETAIN_SELF = YES;
				CLANG_WARN_OBJC_LITERAL_CONVERSION = YES;
				CLANG_WARN_OBJC_ROOT_CLASS = YES_ERROR;
				CLANG_WARN_RANGE_LOOP_ANALYSIS = YES;
				CLANG_WARN_STRICT_PROTOTYPES = YES;
				CLANG_WARN_SUSPICIOUS_MOVE = YES;
				CLANG_WARN_UNGUARDED_AVAILABILITY = YES_AGGRESSIVE;
				CLANG_WARN_UNREACHABLE_CODE = YES;
				CLANG_WARN__DUPLICATE_METHOD_MATCH = YES;
				CODE_SIGN_IDENTITY = "iPhone Developer";
				COPY_PHASE_STRIP = NO;
				DEBUG_INFORMATION_FORMAT = dwarf;
				ENABLE_STRICT_OBJC_MSGSEND = YES;
				ENABLE_TESTABILITY = YES;
				GCC_C_LANGUAGE_STANDARD = gnu11;
				GCC_DYNAMIC_NO_PIC = NO;
				GCC_NO_COMMON_BLOCKS = YES;
				GCC_OPTIMIZATION_LEVEL = 0;
				GCC_PREPROCESSOR_DEFINITIONS = (
					"DEBUG=1",
					"$(inherited)",
				);
				GCC_WARN_64_TO_32_BIT_CONVERSION = YES;
				GCC_WARN_ABOUT_RETURN_TYPE = YES_ERROR;
				GCC_WARN_UNDECLARED_SELECTOR = YES;
				GCC_WARN_UNINITIALIZED_AUTOS = YES_AGGRESSIVE;
				GCC_WARN_UNUSED_FUNCTION = YES;
				GCC_WARN_UNUSED_VARIABLE = YES;
				IPHONEOS_DEPLOYMENT_TARGET = 11.3;
				MTL_ENABLE_DEBUG_INFO = YES;
				ONLY_ACTIVE_ARCH = YES;
				SDKROOT = iphoneos;
				SWIFT_ACTIVE_COMPILATION_CONDITIONS = DEBUG;
				SWIFT_OPTIMIZATION_LEVEL = "-Onone";
			};
			name = Debug;
		};
		EB4ABBE5209EF92F006D124D /* Release */ = {
			isa = XCBuildConfiguration;
			buildSettings = {
				ALWAYS_SEARCH_USER_PATHS = NO;
				CLANG_ANALYZER_NONNULL = YES;
				CLANG_ANALYZER_NUMBER_OBJECT_CONVERSION = YES_AGGRESSIVE;
				CLANG_CXX_LANGUAGE_STANDARD = "gnu++14";
				CLANG_CXX_LIBRARY = "libc++";
				CLANG_ENABLE_MODULES = YES;
				CLANG_ENABLE_OBJC_ARC = YES;
				CLANG_ENABLE_OBJC_WEAK = YES;
				CLANG_WARN_BLOCK_CAPTURE_AUTORELEASING = YES;
				CLANG_WARN_BOOL_CONVERSION = YES;
				CLANG_WARN_COMMA = YES;
				CLANG_WARN_CONSTANT_CONVERSION = YES;
				CLANG_WARN_DEPRECATED_OBJC_IMPLEMENTATIONS = YES;
				CLANG_WARN_DIRECT_OBJC_ISA_USAGE = YES_ERROR;
				CLANG_WARN_DOCUMENTATION_COMMENTS = YES;
				CLANG_WARN_EMPTY_BODY = YES;
				CLANG_WARN_ENUM_CONVERSION = YES;
				CLANG_WARN_INFINITE_RECURSION = YES;
				CLANG_WARN_INT_CONVERSION = YES;
				CLANG_WARN_NON_LITERAL_NULL_CONVERSION = YES;
				CLANG_WARN_OBJC_IMPLICIT_RETAIN_SELF = YES;
				CLANG_WARN_OBJC_LITERAL_CONVERSION = YES;
				CLANG_WARN_OBJC_ROOT_CLASS = YES_ERROR;
				CLANG_WARN_RANGE_LOOP_ANALYSIS = YES;
				CLANG_WARN_STRICT_PROTOTYPES = YES;
				CLANG_WARN_SUSPICIOUS_MOVE = YES;
				CLANG_WARN_UNGUARDED_AVAILABILITY = YES_AGGRESSIVE;
				CLANG_WARN_UNREACHABLE_CODE = YES;
				CLANG_WARN__DUPLICATE_METHOD_MATCH = YES;
				CODE_SIGN_IDENTITY = "iPhone Developer";
				COPY_PHASE_STRIP = NO;
				DEBUG_INFORMATION_FORMAT = "dwarf-with-dsym";
				ENABLE_NS_ASSERTIONS = NO;
				ENABLE_STRICT_OBJC_MSGSEND = YES;
				GCC_C_LANGUAGE_STANDARD = gnu11;
				GCC_NO_COMMON_BLOCKS = YES;
				GCC_WARN_64_TO_32_BIT_CONVERSION = YES;
				GCC_WARN_ABOUT_RETURN_TYPE = YES_ERROR;
				GCC_WARN_UNDECLARED_SELECTOR = YES;
				GCC_WARN_UNINITIALIZED_AUTOS = YES_AGGRESSIVE;
				GCC_WARN_UNUSED_FUNCTION = YES;
				GCC_WARN_UNUSED_VARIABLE = YES;
				IPHONEOS_DEPLOYMENT_TARGET = 11.3;
				MTL_ENABLE_DEBUG_INFO = NO;
				SDKROOT = iphoneos;
				SWIFT_COMPILATION_MODE = wholemodule;
				SWIFT_OPTIMIZATION_LEVEL = "-O";
				VALIDATE_PRODUCT = YES;
			};
			name = Release;
		};
		EB4ABBE7209EF92F006D124D /* Debug */ = {
			isa = XCBuildConfiguration;
			baseConfigurationReference = EF286DDD03CF9E1A5D8DEC5A /* Pods-EqPlayer.debug.xcconfig */;
			buildSettings = {
				ASSETCATALOG_COMPILER_APPICON_NAME = AppIcon;
				CLANG_ENABLE_MODULES = YES;
				CODE_SIGN_STYLE = Automatic;
				DEVELOPMENT_TEAM = 2CY3RX8F76;
				FRAMEWORK_SEARCH_PATHS = (
					"$(inherited)",
					"$(PROJECT_DIR)/EqPlayer/Support",
				);
				INFOPLIST_FILE = EqPlayer/Info.plist;
				LD_RUNPATH_SEARCH_PATHS = "$(inherited) @executable_path/Frameworks";
				OTHER_LIBTOOLFLAGS = "-ObjC";
				PRODUCT_BUNDLE_IDENTIFIER = com.Django.EqPlayer;
				PRODUCT_NAME = "$(TARGET_NAME)";
				SWIFT_OBJC_BRIDGING_HEADER = "EqPlayer/Support/EqPlayer-Bridging-Header.h";
				SWIFT_OPTIMIZATION_LEVEL = "-Onone";
				SWIFT_VERSION = 4.0;
				TARGETED_DEVICE_FAMILY = "1,2";
			};
			name = Debug;
		};
		EB4ABBE8209EF92F006D124D /* Release */ = {
			isa = XCBuildConfiguration;
			baseConfigurationReference = 9D884D42C27229B5D4939D7E /* Pods-EqPlayer.release.xcconfig */;
			buildSettings = {
				ASSETCATALOG_COMPILER_APPICON_NAME = AppIcon;
				CLANG_ENABLE_MODULES = YES;
				CODE_SIGN_STYLE = Automatic;
				DEVELOPMENT_TEAM = 2CY3RX8F76;
				FRAMEWORK_SEARCH_PATHS = (
					"$(inherited)",
					"$(PROJECT_DIR)/EqPlayer/Support",
				);
				INFOPLIST_FILE = EqPlayer/Info.plist;
				LD_RUNPATH_SEARCH_PATHS = "$(inherited) @executable_path/Frameworks";
				OTHER_LIBTOOLFLAGS = "-ObjC";
				PRODUCT_BUNDLE_IDENTIFIER = com.Django.EqPlayer;
				PRODUCT_NAME = "$(TARGET_NAME)";
				SWIFT_OBJC_BRIDGING_HEADER = "EqPlayer/Support/EqPlayer-Bridging-Header.h";
				SWIFT_VERSION = 4.0;
				TARGETED_DEVICE_FAMILY = "1,2";
			};
			name = Release;
		};
/* End XCBuildConfiguration section */

/* Begin XCConfigurationList section */
		EB4ABBCF209EF92D006D124D /* Build configuration list for PBXProject "EqPlayer" */ = {
			isa = XCConfigurationList;
			buildConfigurations = (
				EB4ABBE4209EF92F006D124D /* Debug */,
				EB4ABBE5209EF92F006D124D /* Release */,
			);
			defaultConfigurationIsVisible = 0;
			defaultConfigurationName = Release;
		};
		EB4ABBE6209EF92F006D124D /* Build configuration list for PBXNativeTarget "EqPlayer" */ = {
			isa = XCConfigurationList;
			buildConfigurations = (
				EB4ABBE7209EF92F006D124D /* Debug */,
				EB4ABBE8209EF92F006D124D /* Release */,
			);
			defaultConfigurationIsVisible = 0;
			defaultConfigurationName = Release;
		};
/* End XCConfigurationList section */
	};
	rootObject = EB4ABBCC209EF92D006D124D /* Project object */;
}
